{
  "name": "notion-tauri",
  "version": "0.0.0",
  "lockfileVersion": 2,
  "requires": true,
  "packages": {
    "": {
      "name": "notion-tauri",
      "version": "0.0.0",
      "devDependencies": {
        "@tauri-apps/cli": "^2.0.0-alpha.20"
      }
    },
    "node_modules/@tauri-apps/cli": {
      "version": "2.0.0-alpha.20",
      "resolved": "https://registry.npmjs.org/@tauri-apps/cli/-/cli-2.0.0-alpha.20.tgz",
      "integrity": "sha512-TNoaRunh2a9Id57EOWSSEziTszBdxyWUtHq9qw3olgY+i/fF3s0Kxwy2c7TM4kON1KnBSvzF+FEGRInNJNvbXw==",
      "dev": true,
      "bin": {
        "tauri": "tauri.js"
      },
      "engines": {
        "node": ">= 10"
      },
      "funding": {
        "type": "opencollective",
        "url": "https://opencollective.com/tauri"
      },
      "optionalDependencies": {
        "@tauri-apps/cli-darwin-arm64": "2.0.0-alpha.20",
        "@tauri-apps/cli-darwin-x64": "2.0.0-alpha.20",
        "@tauri-apps/cli-linux-arm-gnueabihf": "2.0.0-alpha.20",
        "@tauri-apps/cli-linux-arm64-gnu": "2.0.0-alpha.20",
        "@tauri-apps/cli-linux-arm64-musl": "2.0.0-alpha.20",
        "@tauri-apps/cli-linux-x64-gnu": "2.0.0-alpha.20",
        "@tauri-apps/cli-linux-x64-musl": "2.0.0-alpha.20",
        "@tauri-apps/cli-win32-arm64-msvc": "2.0.0-alpha.20",
        "@tauri-apps/cli-win32-ia32-msvc": "2.0.0-alpha.20",
        "@tauri-apps/cli-win32-x64-msvc": "2.0.0-alpha.20"
      }
    },
    "node_modules/@tauri-apps/cli-darwin-arm64": {
      "version": "2.0.0-alpha.20",
      "resolved": "https://registry.npmjs.org/@tauri-apps/cli-darwin-arm64/-/cli-darwin-arm64-2.0.0-alpha.20.tgz",
      "integrity": "sha512-L+6OYTjKA42U7XXLQDxoUb43hcKSU8mJ4T3PMCuE08jtv4p6MNfcJQ9FwBCYV6XqYmqE1s5AEBGxR4wBk7bbXQ==",
      "cpu": [
        "arm64"
      ],
      "dev": true,
      "optional": true,
      "os": [
        "darwin"
      ],
      "engines": {
        "node": ">= 10"
      }
    },
    "node_modules/@tauri-apps/cli-darwin-x64": {
      "version": "2.0.0-alpha.20",
      "resolved": "https://registry.npmjs.org/@tauri-apps/cli-darwin-x64/-/cli-darwin-x64-2.0.0-alpha.20.tgz",
      "integrity": "sha512-KnSuiZPnQi9rIbcBRUGyPBEjVpxZ4IcumUVbG2A+BhKMN/sZ4/w+xBhlRhG5V4gvp512LU20zGb3zMmePmOGlQ==",
      "cpu": [
        "x64"
      ],
      "dev": true,
      "optional": true,
      "os": [
        "darwin"
      ],
      "engines": {
        "node": ">= 10"
      }
    },
    "node_modules/@tauri-apps/cli-linux-arm-gnueabihf": {
      "version": "2.0.0-alpha.20",
      "resolved": "https://registry.npmjs.org/@tauri-apps/cli-linux-arm-gnueabihf/-/cli-linux-arm-gnueabihf-2.0.0-alpha.20.tgz",
      "integrity": "sha512-wfneLGGgd7unwMtNs4izkbyhbP+mswsep6aF11RWsGKasq3c6ZFcjFl1/E6/B5WspfjdlVW1/FfVGU6kMwZQwA==",
      "cpu": [
        "arm"
      ],
      "dev": true,
      "optional": true,
      "os": [
        "linux"
      ],
      "engines": {
        "node": ">= 10"
      }
    },
    "node_modules/@tauri-apps/cli-linux-arm64-gnu": {
      "version": "2.0.0-alpha.20",
      "resolved": "https://registry.npmjs.org/@tauri-apps/cli-linux-arm64-gnu/-/cli-linux-arm64-gnu-2.0.0-alpha.20.tgz",
      "integrity": "sha512-QL+jKiJqCAf65iDkbylxvTKnM3hS3Dq9QCUoguJ5lfLTtztjJzXgCqTeo7yA1AOQjGPQ656p206HrBjO4Ppkog==",
      "cpu": [
        "arm64"
      ],
      "dev": true,
      "optional": true,
      "os": [
        "linux"
      ],
      "engines": {
        "node": ">= 10"
      }
    },
    "node_modules/@tauri-apps/cli-linux-arm64-musl": {
      "version": "2.0.0-alpha.20",
      "resolved": "https://registry.npmjs.org/@tauri-apps/cli-linux-arm64-musl/-/cli-linux-arm64-musl-2.0.0-alpha.20.tgz",
      "integrity": "sha512-nVknro6J4e+82wkhVaNqc9eEA1SLXR0JQQ9lVcjZWauR7lU6gurRchSQ1xFaCfHW2ZwDgQE7RzdrCZGh3QJmog==",
      "cpu": [
        "arm64"
      ],
      "dev": true,
      "optional": true,
      "os": [
        "linux"
      ],
      "engines": {
        "node": ">= 10"
      }
    },
    "node_modules/@tauri-apps/cli-linux-x64-gnu": {
      "version": "2.0.0-alpha.20",
      "resolved": "https://registry.npmjs.org/@tauri-apps/cli-linux-x64-gnu/-/cli-linux-x64-gnu-2.0.0-alpha.20.tgz",
      "integrity": "sha512-x6bCiOIvjnwcrHEabkXzFFRicPmdPNDCTtn02eX4vFnEWbmkssDM40NjqcWnTIR8z1F289FoPuPVA4WiEc0g9Q==",
      "cpu": [
        "x64"
      ],
      "dev": true,
      "optional": true,
      "os": [
        "linux"
      ],
      "engines": {
        "node": ">= 10"
      }
    },
    "node_modules/@tauri-apps/cli-linux-x64-musl": {
      "version": "2.0.0-alpha.20",
      "resolved": "https://registry.npmjs.org/@tauri-apps/cli-linux-x64-musl/-/cli-linux-x64-musl-2.0.0-alpha.20.tgz",
      "integrity": "sha512-trA5N9r/RA6uaRrCzzd4Q/kHMehpfhzUruTnsu/bHXf2cnMOhGmnstPzLHlPRudyMELqCngrykR0l4Pp33XHvg==",
      "cpu": [
        "x64"
      ],
      "dev": true,
      "optional": true,
      "os": [
        "linux"
      ],
      "engines": {
        "node": ">= 10"
      }
    },
    "node_modules/@tauri-apps/cli-win32-arm64-msvc": {
      "version": "2.0.0-alpha.20",
      "resolved": "https://registry.npmjs.org/@tauri-apps/cli-win32-arm64-msvc/-/cli-win32-arm64-msvc-2.0.0-alpha.20.tgz",
      "integrity": "sha512-ib99wuC4WEVS/aZ10YT+IdBOM/zeDRQV01wPd4WT0djNW4nv0b0TmhsZ9BaD9cL/GQD5YPWfwx/EGoHKB1rj9g==",
      "cpu": [
        "arm64"
      ],
      "dev": true,
      "optional": true,
      "os": [
        "win32"
      ],
      "engines": {
        "node": ">= 10"
      }
    },
    "node_modules/@tauri-apps/cli-win32-ia32-msvc": {
      "version": "2.0.0-alpha.20",
      "resolved": "https://registry.npmjs.org/@tauri-apps/cli-win32-ia32-msvc/-/cli-win32-ia32-msvc-2.0.0-alpha.20.tgz",
      "integrity": "sha512-xiJygmAIbqWl6BRA9LDOWwMg8BnH5KFQbcVaftGtuc+1K5ujViO18hEB4+3i76lNR/xTjq8AX3njxT7yKT0mVA==",
      "cpu": [
        "ia32"
      ],
      "dev": true,
      "optional": true,
      "os": [
        "win32"
      ],
      "engines": {
        "node": ">= 10"
      }
    },
    "node_modules/@tauri-apps/cli-win32-x64-msvc": {
      "version": "2.0.0-alpha.20",
      "resolved": "https://registry.npmjs.org/@tauri-apps/cli-win32-x64-msvc/-/cli-win32-x64-msvc-2.0.0-alpha.20.tgz",
      "integrity": "sha512-4mN+rCPhPfv1Yjq3elpxaZnp5OY4BHrrlwKzOgLJty2crMy3UAP1s2uXwNZl/86HfHkIkR8RGaR8KR8ioFdmZg==",
      "cpu": [
        "x64"
      ],
      "dev": true,
      "optional": true,
      "os": [
        "win32"
      ],
      "engines": {
        "node": ">= 10"
      }
    }
  },
  "dependencies": {
    "@tauri-apps/cli": {
      "version": "2.0.0-alpha.20",
      "resolved": "https://registry.npmjs.org/@tauri-apps/cli/-/cli-2.0.0-alpha.20.tgz",
      "integrity": "sha512-TNoaRunh2a9Id57EOWSSEziTszBdxyWUtHq9qw3olgY+i/fF3s0Kxwy2c7TM4kON1KnBSvzF+FEGRInNJNvbXw==",
      "dev": true,
      "requires": {
        "@tauri-apps/cli-darwin-arm64": "2.0.0-alpha.20",
        "@tauri-apps/cli-darwin-x64": "2.0.0-alpha.20",
        "@tauri-apps/cli-linux-arm-gnueabihf": "2.0.0-alpha.20",
        "@tauri-apps/cli-linux-arm64-gnu": "2.0.0-alpha.20",
        "@tauri-apps/cli-linux-arm64-musl": "2.0.0-alpha.20",
        "@tauri-apps/cli-linux-x64-gnu": "2.0.0-alpha.20",
        "@tauri-apps/cli-linux-x64-musl": "2.0.0-alpha.20",
        "@tauri-apps/cli-win32-arm64-msvc": "2.0.0-alpha.20",
        "@tauri-apps/cli-win32-ia32-msvc": "2.0.0-alpha.20",
        "@tauri-apps/cli-win32-x64-msvc": "2.0.0-alpha.20"
      }
    },
    "@tauri-apps/cli-darwin-arm64": {
      "version": "2.0.0-alpha.20",
      "resolved": "https://registry.npmjs.org/@tauri-apps/cli-darwin-arm64/-/cli-darwin-arm64-2.0.0-alpha.20.tgz",
      "integrity": "sha512-L+6OYTjKA42U7XXLQDxoUb43hcKSU8mJ4T3PMCuE08jtv4p6MNfcJQ9FwBCYV6XqYmqE1s5AEBGxR4wBk7bbXQ==",
      "dev": true,
      "optional": true
    },
    "@tauri-apps/cli-darwin-x64": {
      "version": "2.0.0-alpha.20",
      "resolved": "https://registry.npmjs.org/@tauri-apps/cli-darwin-x64/-/cli-darwin-x64-2.0.0-alpha.20.tgz",
      "integrity": "sha512-KnSuiZPnQi9rIbcBRUGyPBEjVpxZ4IcumUVbG2A+BhKMN/sZ4/w+xBhlRhG5V4gvp512LU20zGb3zMmePmOGlQ==",
      "dev": true,
      "optional": true
    },
    "@tauri-apps/cli-linux-arm-gnueabihf": {
      "version": "2.0.0-alpha.20",
      "resolved": "https://registry.npmjs.org/@tauri-apps/cli-linux-arm-gnueabihf/-/cli-linux-arm-gnueabihf-2.0.0-alpha.20.tgz",
      "integrity": "sha512-wfneLGGgd7unwMtNs4izkbyhbP+mswsep6aF11RWsGKasq3c6ZFcjFl1/E6/B5WspfjdlVW1/FfVGU6kMwZQwA==",
      "dev": true,
      "optional": true
    },
    "@tauri-apps/cli-linux-arm64-gnu": {
      "version": "2.0.0-alpha.20",
      "resolved": "https://registry.npmjs.org/@tauri-apps/cli-linux-arm64-gnu/-/cli-linux-arm64-gnu-2.0.0-alpha.20.tgz",
      "integrity": "sha512-QL+jKiJqCAf65iDkbylxvTKnM3hS3Dq9QCUoguJ5lfLTtztjJzXgCqTeo7yA1AOQjGPQ656p206HrBjO4Ppkog==",
      "dev": true,
      "optional": true
    },
    "@tauri-apps/cli-linux-arm64-musl": {
      "version": "2.0.0-alpha.20",
      "resolved": "https://registry.npmjs.org/@tauri-apps/cli-linux-arm64-musl/-/cli-linux-arm64-musl-2.0.0-alpha.20.tgz",
      "integrity": "sha512-nVknro6J4e+82wkhVaNqc9eEA1SLXR0JQQ9lVcjZWauR7lU6gurRchSQ1xFaCfHW2ZwDgQE7RzdrCZGh3QJmog==",
      "dev": true,
      "optional": true
    },
    "@tauri-apps/cli-linux-x64-gnu": {
      "version": "2.0.0-alpha.20",
      "resolved": "https://registry.npmjs.org/@tauri-apps/cli-linux-x64-gnu/-/cli-linux-x64-gnu-2.0.0-alpha.20.tgz",
      "integrity": "sha512-x6bCiOIvjnwcrHEabkXzFFRicPmdPNDCTtn02eX4vFnEWbmkssDM40NjqcWnTIR8z1F289FoPuPVA4WiEc0g9Q==",
      "dev": true,
      "optional": true
    },
    "@tauri-apps/cli-linux-x64-musl": {
      "version": "2.0.0-alpha.20",
      "resolved": "https://registry.npmjs.org/@tauri-apps/cli-linux-x64-musl/-/cli-linux-x64-musl-2.0.0-alpha.20.tgz",
      "integrity": "sha512-trA5N9r/RA6uaRrCzzd4Q/kHMehpfhzUruTnsu/bHXf2cnMOhGmnstPzLHlPRudyMELqCngrykR0l4Pp33XHvg==",
      "dev": true,
      "optional": true
    },
    "@tauri-apps/cli-win32-arm64-msvc": {
      "version": "2.0.0-alpha.20",
      "resolved": "https://registry.npmjs.org/@tauri-apps/cli-win32-arm64-msvc/-/cli-win32-arm64-msvc-2.0.0-alpha.20.tgz",
      "integrity": "sha512-ib99wuC4WEVS/aZ10YT+IdBOM/zeDRQV01wPd4WT0djNW4nv0b0TmhsZ9BaD9cL/GQD5YPWfwx/EGoHKB1rj9g==",
      "dev": true,
      "optional": true
    },
    "@tauri-apps/cli-win32-ia32-msvc": {
      "version": "2.0.0-alpha.20",
      "resolved": "https://registry.npmjs.org/@tauri-apps/cli-win32-ia32-msvc/-/cli-win32-ia32-msvc-2.0.0-alpha.20.tgz",
      "integrity": "sha512-xiJygmAIbqWl6BRA9LDOWwMg8BnH5KFQbcVaftGtuc+1K5ujViO18hEB4+3i76lNR/xTjq8AX3njxT7yKT0mVA==",
      "dev": true,
      "optional": true
    },
    "@tauri-apps/cli-win32-x64-msvc": {
      "version": "2.0.0-alpha.20",
      "resolved": "https://registry.npmjs.org/@tauri-apps/cli-win32-x64-msvc/-/cli-win32-x64-msvc-2.0.0-alpha.20.tgz",
      "integrity": "sha512-4mN+rCPhPfv1Yjq3elpxaZnp5OY4BHrrlwKzOgLJty2crMy3UAP1s2uXwNZl/86HfHkIkR8RGaR8KR8ioFdmZg==",
      "dev": true,
      "optional": true
    }
  }
}
